
Microsoft Visual Studio Solution File, Format Version 12.00
# Visual Studio Version 17
VisualStudioVersion = 17.2.32630.192
MinimumVisualStudioVersion = 10.0.40219.1
Project("{FAE04EC0-301F-11D3-BF4B-00C04F79EFBC}") = "KandaIdea_Task", "KandaIdea_Task\KandaIdea_Task.csproj", "{D3236DE0-E787-4BBA-B7A6-948A1CBB04F2}"
EndProject
Global
	GlobalSection(SolutionConfigurationPlatforms) = preSolution
		Debug|Any CPU = Debug|Any CPU
		Release|Any CPU = Release|Any CPU
	EndGlobalSection
	GlobalSection(ProjectConfigurationPlatforms) = postSolution
		{D3236DE0-E787-4BBA-B7A6-948A1CBB04F2}.Debug|Any CPU.ActiveCfg = Debug|Any CPU
		{D3236DE0-E787-4BBA-B7A6-948A1CBB04F2}.Debug|Any CPU.Build.0 = Debug|Any CPU
		{D3236DE0-E787-4BBA-B7A6-948A1CBB04F2}.Release|Any CPU.ActiveCfg = Release|Any CPU
		{D3236DE0-E787-4BBA-B7A6-948A1CBB04F2}.Release|Any CPU.Build.0 = Release|Any CPU
	EndGlobalSection
	GlobalSection(SolutionProperties) = preSolution
		HideSolutionNode = FALSE
	EndGlobalSection
	GlobalSection(ExtensibilityGlobals) = postSolution
		SolutionGuid = {10183D5B-CC68-4D77-BD87-510C16A767CB}
	EndGlobalSection
EndGlobal
